
Microsoft Visual Studio Solution File, Format Version 12.00
# Visual Studio Version 16
VisualStudioVersion = 16.0.29905.134
MinimumVisualStudioVersion = 10.0.40219.1
Project("{FAE04EC0-301F-11D3-BF4B-00C04F79EFBC}") = "MethodsOfCounting_Ex1", "MethodsOfCounting_Ex1\MethodsOfCounting_Ex1.csproj", "{53F8CFA1-EE1F-4249-9B38-5EB6BF36EFA0}"
EndProject
Global
	GlobalSection(SolutionConfigurationPlatforms) = preSolution
		Debug|Any CPU = Debug|Any CPU
		Release|Any CPU = Release|Any CPU
	EndGlobalSection
	GlobalSection(ProjectConfigurationPlatforms) = postSolution
		{53F8CFA1-EE1F-4249-9B38-5EB6BF36EFA0}.Debug|Any CPU.ActiveCfg = Debug|Any CPU
		{53F8CFA1-EE1F-4249-9B38-5EB6BF36EFA0}.Debug|Any CPU.Build.0 = Debug|Any CPU
		{53F8CFA1-EE1F-4249-9B38-5EB6BF36EFA0}.Release|Any CPU.ActiveCfg = Release|Any CPU
		{53F8CFA1-EE1F-4249-9B38-5EB6BF36EFA0}.Release|Any CPU.Build.0 = Release|Any CPU
	EndGlobalSection
	GlobalSection(SolutionProperties) = preSolution
		HideSolutionNode = FALSE
	EndGlobalSection
	GlobalSection(ExtensibilityGlobals) = postSolution
		SolutionGuid = {412F7BA0-4F51-44EA-9129-430B27B27F7C}
	EndGlobalSection
EndGlobal
